
Microsoft Visual Studio Solution File, Format Version 12.00
# Visual Studio 15
VisualStudioVersion = 15.0.28010.2036
MinimumVisualStudioVersion = 10.0.40219.1
Project("{FAE04EC0-301F-11D3-BF4B-00C04F79EFBC}") = "FlowListView.Android", "FlowListView\FlowListView.Android\FlowListView.Android.csproj", "{F417499D-65A5-4BAA-9B89-18DEFEAC63C3}"
EndProject
Project("{FAE04EC0-301F-11D3-BF4B-00C04F79EFBC}") = "FlowListView.iOS", "FlowListView\FlowListView.iOS\FlowListView.iOS.csproj", "{1F50F258-D631-4E74-97DD-940A297B6AEF}"
EndProject
Project("{FAE04EC0-301F-11D3-BF4B-00C04F79EFBC}") = "FlowListView", "FlowListView\FlowListView\FlowListView.csproj", "{6056A0E6-2990-4447-9523-0094E35E0480}"
EndProject
Global
	GlobalSection(SolutionConfigurationPlatforms) = preSolution
		Ad-Hoc|Any CPU = Ad-Hoc|Any CPU
		Ad-Hoc|iPhone = Ad-Hoc|iPhone
		Ad-Hoc|iPhoneSimulator = Ad-Hoc|iPhoneSimulator
		AppStore|Any CPU = AppStore|Any CPU
		AppStore|iPhone = AppStore|iPhone
		AppStore|iPhoneSimulator = AppStore|iPhoneSimulator
		Debug|Any CPU = Debug|Any CPU
		Debug|iPhone = Debug|iPhone
		Debug|iPhoneSimulator = Debug|iPhoneSimulator
		Release|Any CPU = Release|Any CPU
		Release|iPhone = Release|iPhone
		Release|iPhoneSimulator = Release|iPhoneSimulator
	EndGlobalSection
	GlobalSection(ProjectConfigurationPlatforms) = postSolution
		{F417499D-65A5-4BAA-9B89-18DEFEAC63C3}.Ad-Hoc|Any CPU.ActiveCfg = Release|Any CPU
		{F417499D-65A5-4BAA-9B89-18DEFEAC63C3}.Ad-Hoc|Any CPU.Build.0 = Release|Any CPU
		{F417499D-65A5-4BAA-9B89-18DEFEAC63C3}.Ad-Hoc|Any CPU.Deploy.0 = Release|Any CPU
		{F417499D-65A5-4BAA-9B89-18DEFEAC63C3}.Ad-Hoc|iPhone.ActiveCfg = Release|Any CPU
		{F417499D-65A5-4BAA-9B89-18DEFEAC63C3}.Ad-Hoc|iPhone.Build.0 = Release|Any CPU
		{F417499D-65A5-4BAA-9B89-18DEFEAC63C3}.Ad-Hoc|iPhone.Deploy.0 = Release|Any CPU
		{F417499D-65A5-4BAA-9B89-18DEFEAC63C3}.Ad-Hoc|iPhoneSimulator.ActiveCfg = Release|Any CPU
		{F417499D-65A5-4BAA-9B89-18DEFEAC63C3}.Ad-Hoc|iPhoneSimulator.Build.0 = Release|Any CPU
		{F417499D-65A5-4BAA-9B89-18DEFEAC63C3}.Ad-Hoc|iPhoneSimulator.Deploy.0 = Release|Any CPU
		{F417499D-65A5-4BAA-9B89-18DEFEAC63C3}.AppStore|Any CPU.ActiveCfg = Release|Any CPU
		{F417499D-65A5-4BAA-9B89-18DEFEAC63C3}.AppStore|Any CPU.Build.0 = Release|Any CPU
		{F417499D-65A5-4BAA-9B89-18DEFEAC63C3}.AppStore|Any CPU.Deploy.0 = Release|Any CPU
		{F417499D-65A5-4BAA-9B89-18DEFEAC63C3}.AppStore|iPhone.ActiveCfg = Release|Any CPU
		{F417499D-65A5-4BAA-9B89-18DEFEAC63C3}.AppStore|iPhone.Build.0 = Release|Any CPU
		{F417499D-65A5-4BAA-9B89-18DEFEAC63C3}.AppStore|iPhone.Deploy.0 = Release|Any CPU
		{F417499D-65A5-4BAA-9B89-18DEFEAC63C3}.AppStore|iPhoneSimulator.ActiveCfg = Release|Any CPU
		{F417499D-65A5-4BAA-9B89-18DEFEAC63C3}.AppStore|iPhoneSimulator.Build.0 = Release|Any CPU
		{F417499D-65A5-4BAA-9B89-18DEFEAC63C3}.AppStore|iPhoneSimulator.Deploy.0 = Release|Any CPU
		{F417499D-65A5-4BAA-9B89-18DEFEAC63C3}.Debug|Any CPU.ActiveCfg = Debug|Any CPU
		{F417499D-65A5-4BAA-9B89-18DEFEAC63C3}.Debug|Any CPU.Build.0 = Debug|Any CPU
		{F417499D-65A5-4BAA-9B89-18DEFEAC63C3}.Debug|Any CPU.Deploy.0 = Debug|Any CPU
		{F417499D-65A5-4BAA-9B89-18DEFEAC63C3}.Debug|iPhone.ActiveCfg = Debug|Any CPU
		{F417499D-65A5-4BAA-9B89-18DEFEAC63C3}.Debug|iPhone.Build.0 = Debug|Any CPU
		{F417499D-65A5-4BAA-9B89-18DEFEAC63C3}.Debug|iPhone.Deploy.0 = Debug|Any CPU
		{F417499D-65A5-4BAA-9B89-18DEFEAC63C3}.Debug|iPhoneSimulator.ActiveCfg = Debug|Any CPU
		{F417499D-65A5-4BAA-9B89-18DEFEAC63C3}.Debug|iPhoneSimulator.Build.0 = Debug|Any CPU
		{F417499D-65A5-4BAA-9B89-18DEFEAC63C3}.Debug|iPhoneSimulator.Deploy.0 = Debug|Any CPU
		{F417499D-65A5-4BAA-9B89-18DEFEAC63C3}.Release|Any CPU.ActiveCfg = Release|Any CPU
		{F417499D-65A5-4BAA-9B89-18DEFEAC63C3}.Release|Any CPU.Build.0 = Release|Any CPU
		{F417499D-65A5-4BAA-9B89-18DEFEAC63C3}.Release|Any CPU.Deploy.0 = Release|Any CPU
		{F417499D-65A5-4BAA-9B89-18DEFEAC63C3}.Release|iPhone.ActiveCfg = Release|Any CPU
		{F417499D-65A5-4BAA-9B89-18DEFEAC63C3}.Release|iPhone.Build.0 = Release|Any CPU
		{F417499D-65A5-4BAA-9B89-18DEFEAC63C3}.Release|iPhone.Deploy.0 = Release|Any CPU
		{F417499D-65A5-4BAA-9B89-18DEFEAC63C3}.Release|iPhoneSimulator.ActiveCfg = Release|Any CPU
		{F417499D-65A5-4BAA-9B89-18DEFEAC63C3}.Release|iPhoneSimulator.Build.0 = Release|Any CPU
		{F417499D-65A5-4BAA-9B89-18DEFEAC63C3}.Release|iPhoneSimulator.Deploy.0 = Release|Any CPU
		{1F50F258-D631-4E74-97DD-940A297B6AEF}.Ad-Hoc|Any CPU.ActiveCfg = Ad-Hoc|iPhone
		{1F50F258-D631-4E74-97DD-940A297B6AEF}.Ad-Hoc|Any CPU.Build.0 = Ad-Hoc|iPhone
		{1F50F258-D631-4E74-97DD-940A297B6AEF}.Ad-Hoc|Any CPU.Deploy.0 = Ad-Hoc|iPhone
		{1F50F258-D631-4E74-97DD-940A297B6AEF}.Ad-Hoc|iPhone.ActiveCfg = Ad-Hoc|iPhone
		{1F50F258-D631-4E74-97DD-940A297B6AEF}.Ad-Hoc|iPhone.Build.0 = Ad-Hoc|iPhone
		{1F50F258-D631-4E74-97DD-940A297B6AEF}.Ad-Hoc|iPhone.Deploy.0 = Ad-Hoc|iPhone
		{1F50F258-D631-4E74-97DD-940A297B6AEF}.Ad-Hoc|iPhoneSimulator.ActiveCfg = Ad-Hoc|iPhoneSimulator
		{1F50F258-D631-4E74-97DD-940A297B6AEF}.Ad-Hoc|iPhoneSimulator.Build.0 = Ad-Hoc|iPhoneSimulator
		{1F50F258-D631-4E74-97DD-940A297B6AEF}.Ad-Hoc|iPhoneSimulator.Deploy.0 = Ad-Hoc|iPhoneSimulator
		{1F50F258-D631-4E74-97DD-940A297B6AEF}.AppStore|Any CPU.ActiveCfg = AppStore|iPhone
		{1F50F258-D631-4E74-97DD-940A297B6AEF}.AppStore|Any CPU.Build.0 = AppStore|iPhone
		{1F50F258-D631-4E74-97DD-940A297B6AEF}.AppStore|Any CPU.Deploy.0 = AppStore|iPhone
		{1F50F258-D631-4E74-97DD-940A297B6AEF}.AppStore|iPhone.ActiveCfg = AppStore|iPhone
		{1F50F258-D631-4E74-97DD-940A297B6AEF}.AppStore|iPhone.Build.0 = AppStore|iPhone
		{1F50F258-D631-4E74-97DD-940A297B6AEF}.AppStore|iPhone.Deploy.0 = AppStore|iPhone
		{1F50F258-D631-4E74-97DD-940A297B6AEF}.AppStore|iPhoneSimulator.ActiveCfg = AppStore|iPhoneSimulator
		{1F50F258-D631-4E74-97DD-940A297B6AEF}.AppStore|iPhoneSimulator.Build.0 = AppStore|iPhoneSimulator
		{1F50F258-D631-4E74-97DD-940A297B6AEF}.AppStore|iPhoneSimulator.Deploy.0 = AppStore|iPhoneSimulator
		{1F50F258-D631-4E74-97DD-940A297B6AEF}.Debug|Any CPU.ActiveCfg = Debug|iPhoneSimulator
		{1F50F258-D631-4E74-97DD-940A297B6AEF}.Debug|Any CPU.Build.0 = Debug|iPhoneSimulator
		{1F50F258-D631-4E74-97DD-940A297B6AEF}.Debug|Any CPU.Deploy.0 = Debug|iPhoneSimulator
		{1F50F258-D631-4E74-97DD-940A297B6AEF}.Debug|iPhone.ActiveCfg = Debug|iPhone
		{1F50F258-D631-4E74-97DD-940A297B6AEF}.Debug|iPhone.Build.0 = Debug|iPhone
		{1F50F258-D631-4E74-97DD-940A297B6AEF}.Debug|iPhone.Deploy.0 = Debug|iPhone
		{1F50F258-D631-4E74-97DD-940A297B6AEF}.Debug|iPhoneSimulator.ActiveCfg = Debug|iPhoneSimulator
		{1F50F258-D631-4E74-97DD-940A297B6AEF}.Debug|iPhoneSimulator.Build.0 = Debug|iPhoneSimulator
		{1F50F258-D631-4E74-97DD-940A297B6AEF}.Debug|iPhoneSimulator.Deploy.0 = Debug|iPhoneSimulator
		{1F50F258-D631-4E74-97DD-940A297B6AEF}.Release|Any CPU.ActiveCfg = Release|iPhone
		{1F50F258-D631-4E74-97DD-940A297B6AEF}.Release|Any CPU.Build.0 = Release|iPhone
		{1F50F258-D631-4E74-97DD-940A297B6AEF}.Release|Any CPU.Deploy.0 = Release|iPhone
		{1F50F258-D631-4E74-97DD-940A297B6AEF}.Release|iPhone.ActiveCfg = Release|iPhone
		{1F50F258-D631-4E74-97DD-940A297B6AEF}.Release|iPhone.Build.0 = Release|iPhone
		{1F50F258-D631-4E74-97DD-940A297B6AEF}.Release|iPhone.Deploy.0 = Release|iPhone
		{1F50F258-D631-4E74-97DD-940A297B6AEF}.Release|iPhoneSimulator.ActiveCfg = Release|iPhoneSimulator
		{1F50F258-D631-4E74-97DD-940A297B6AEF}.Release|iPhoneSimulator.Build.0 = Release|iPhoneSimulator
		{1F50F258-D631-4E74-97DD-940A297B6AEF}.Release|iPhoneSimulator.Deploy.0 = Release|iPhoneSimulator
		{6056A0E6-2990-4447-9523-0094E35E0480}.Ad-Hoc|Any CPU.ActiveCfg = Debug|Any CPU
		{6056A0E6-2990-4447-9523-0094E35E0480}.Ad-Hoc|Any CPU.Build.0 = Debug|Any CPU
		{6056A0E6-2990-4447-9523-0094E35E0480}.Ad-Hoc|Any CPU.Deploy.0 = Debug|Any CPU
		{6056A0E6-2990-4447-9523-0094E35E0480}.Ad-Hoc|iPhone.ActiveCfg = Debug|Any CPU
		{6056A0E6-2990-4447-9523-0094E35E0480}.Ad-Hoc|iPhone.Build.0 = Debug|Any CPU
		{6056A0E6-2990-4447-9523-0094E35E0480}.Ad-Hoc|iPhone.Deploy.0 = Debug|Any CPU
		{6056A0E6-2990-4447-9523-0094E35E0480}.Ad-Hoc|iPhoneSimulator.ActiveCfg = Debug|Any CPU
		{6056A0E6-2990-4447-9523-0094E35E0480}.Ad-Hoc|iPhoneSimulator.Build.0 = Debug|Any CPU
		{6056A0E6-2990-4447-9523-0094E35E0480}.Ad-Hoc|iPhoneSimulator.Deploy.0 = Debug|Any CPU
		{6056A0E6-2990-4447-9523-0094E35E0480}.AppStore|Any CPU.ActiveCfg = Debug|Any CPU
		{6056A0E6-2990-4447-9523-0094E35E0480}.AppStore|Any CPU.Build.0 = Debug|Any CPU
		{6056A0E6-2990-4447-9523-0094E35E0480}.AppStore|Any CPU.Deploy.0 = Debug|Any CPU
		{6056A0E6-2990-4447-9523-0094E35E0480}.AppStore|iPhone.ActiveCfg = Debug|Any CPU
		{6056A0E6-2990-4447-9523-0094E35E0480}.AppStore|iPhone.Build.0 = Debug|Any CPU
		{6056A0E6-2990-4447-9523-0094E35E0480}.AppStore|iPhone.Deploy.0 = Debug|Any CPU
		{6056A0E6-2990-4447-9523-0094E35E0480}.AppStore|iPhoneSimulator.ActiveCfg = Debug|Any CPU
		{6056A0E6-2990-4447-9523-0094E35E0480}.AppStore|iPhoneSimulator.Build.0 = Debug|Any CPU
		{6056A0E6-2990-4447-9523-0094E35E0480}.AppStore|iPhoneSimulator.Deploy.0 = Debug|Any CPU
		{6056A0E6-2990-4447-9523-0094E35E0480}.Debug|Any CPU.ActiveCfg = Debug|Any CPU
		{6056A0E6-2990-4447-9523-0094E35E0480}.Debug|Any CPU.Build.0 = Debug|Any CPU
		{6056A0E6-2990-4447-9523-0094E35E0480}.Debug|Any CPU.Deploy.0 = Debug|Any CPU
		{6056A0E6-2990-4447-9523-0094E35E0480}.Debug|iPhone.ActiveCfg = Debug|Any CPU
		{6056A0E6-2990-4447-9523-0094E35E0480}.Debug|iPhone.Build.0 = Debug|Any CPU
		{6056A0E6-2990-4447-9523-0094E35E0480}.Debug|iPhone.Deploy.0 = Debug|Any CPU
		{6056A0E6-2990-4447-9523-0094E35E0480}.Debug|iPhoneSimulator.ActiveCfg = Debug|Any CPU
		{6056A0E6-2990-4447-9523-0094E35E0480}.Debug|iPhoneSimulator.Build.0 = Debug|Any CPU
		{6056A0E6-2990-4447-9523-0094E35E0480}.Debug|iPhoneSimulator.Deploy.0 = Debug|Any CPU
		{6056A0E6-2990-4447-9523-0094E35E0480}.Release|Any CPU.ActiveCfg = Release|Any CPU
		{6056A0E6-2990-4447-9523-0094E35E0480}.Release|Any CPU.Build.0 = Release|Any CPU
		{6056A0E6-2990-4447-9523-0094E35E0480}.Release|Any CPU.Deploy.0 = Release|Any CPU
		{6056A0E6-2990-4447-9523-0094E35E0480}.Release|iPhone.ActiveCfg = Release|Any CPU
		{6056A0E6-2990-4447-9523-0094E35E0480}.Release|iPhone.Build.0 = Release|Any CPU
		{6056A0E6-2990-4447-9523-0094E35E0480}.Release|iPhone.Deploy.0 = Release|Any CPU
		{6056A0E6-2990-4447-9523-0094E35E0480}.Release|iPhoneSimulator.ActiveCfg = Release|Any CPU
		{6056A0E6-2990-4447-9523-0094E35E0480}.Release|iPhoneSimulator.Build.0 = Release|Any CPU
		{6056A0E6-2990-4447-9523-0094E35E0480}.Release|iPhoneSimulator.Deploy.0 = Release|Any CPU
	EndGlobalSection
	GlobalSection(SolutionProperties) = preSolution
		HideSolutionNode = FALSE
	EndGlobalSection
	GlobalSection(ExtensibilityGlobals) = postSolution
		SolutionGuid = {2B0641DB-921F-4635-826E-EE5DB17876A3}
	EndGlobalSection
EndGlobal
